
Microsoft Visual Studio Solution File, Format Version 12.00
# Visual Studio Version 17
VisualStudioVersion = 17.1.32319.34
MinimumVisualStudioVersion = 10.0.40219.1
Project("{9A19103F-16F7-4668-BE54-9A1E7A4F7556}") = "ZeroWAS", "ZeroWAS\ZeroWAS.csproj", "{8E5CE1C2-9FA9-4168-80AA-30B3A205E056}"
EndProject
Project("{FAE04EC0-301F-11D3-BF4B-00C04F79EFBC}") = "ZeroWAS.App", "ZeroWAS.App\ZeroWAS.App.csproj", "{F322E3BB-4E03-46C0-B750-7CF7F8E618F8}"
EndProject
Global
	GlobalSection(SolutionConfigurationPlatforms) = preSolution
		Debug|Any CPU = Debug|Any CPU
		Release|Any CPU = Release|Any CPU
	EndGlobalSection
	GlobalSection(ProjectConfigurationPlatforms) = postSolution
		{8E5CE1C2-9FA9-4168-80AA-30B3A205E056}.Debug|Any CPU.ActiveCfg = Debug|Any CPU
		{8E5CE1C2-9FA9-4168-80AA-30B3A205E056}.Debug|Any CPU.Build.0 = Debug|Any CPU
		{8E5CE1C2-9FA9-4168-80AA-30B3A205E056}.Release|Any CPU.ActiveCfg = Release|Any CPU
		{8E5CE1C2-9FA9-4168-80AA-30B3A205E056}.Release|Any CPU.Build.0 = Release|Any CPU
		{F322E3BB-4E03-46C0-B750-7CF7F8E618F8}.Debug|Any CPU.ActiveCfg = Debug|Any CPU
		{F322E3BB-4E03-46C0-B750-7CF7F8E618F8}.Debug|Any CPU.Build.0 = Debug|Any CPU
		{F322E3BB-4E03-46C0-B750-7CF7F8E618F8}.Release|Any CPU.ActiveCfg = Release|Any CPU
		{F322E3BB-4E03-46C0-B750-7CF7F8E618F8}.Release|Any CPU.Build.0 = Release|Any CPU
	EndGlobalSection
	GlobalSection(SolutionProperties) = preSolution
		HideSolutionNode = FALSE
	EndGlobalSection
	GlobalSection(ExtensibilityGlobals) = postSolution
		SolutionGuid = {EAAE7132-0799-4D88-8671-BCC6A981EA84}
	EndGlobalSection
EndGlobal
